
Microsoft Visual Studio Solution File, Format Version 12.00
# Visual Studio Version 16
VisualStudioVersion = 16.0.31005.135
MinimumVisualStudioVersion = 10.0.40219.1
Project("{FAE04EC0-301F-11D3-BF4B-00C04F79EFBC}") = "MultipleStyleApp", "MultipleStyleApp.csproj", "{85E0B01C-3842-4E52-865B-D289FEE4743C}"
EndProject
Global
	GlobalSection(SolutionConfigurationPlatforms) = preSolution
		Debug|Any CPU = Debug|Any CPU
		Release|Any CPU = Release|Any CPU
	EndGlobalSection
	GlobalSection(ProjectConfigurationPlatforms) = postSolution
		{85E0B01C-3842-4E52-865B-D289FEE4743C}.Debug|Any CPU.ActiveCfg = Debug|Any CPU
		{85E0B01C-3842-4E52-865B-D289FEE4743C}.Debug|Any CPU.Build.0 = Debug|Any CPU
		{85E0B01C-3842-4E52-865B-D289FEE4743C}.Release|Any CPU.ActiveCfg = Release|Any CPU
		{85E0B01C-3842-4E52-865B-D289FEE4743C}.Release|Any CPU.Build.0 = Release|Any CPU
	EndGlobalSection
	GlobalSection(SolutionProperties) = preSolution
		HideSolutionNode = FALSE
	EndGlobalSection
	GlobalSection(ExtensibilityGlobals) = postSolution
		SolutionGuid = {6A89D338-530F-4C8C-98F1-FFD09E2B60C9}
	EndGlobalSection
EndGlobal
